{
    "_readme": [
        "This file locks the dependencies of your project to a known state",
        "Read more about it at https://getcomposer.org/doc/01-basic-usage.md#composer-lock-the-lock-file",
        "This file is @generated automatically"
    ],
    "hash": "9e3135d5f85d7d671990f02c45ec0e65",
    "content-hash": "53f96deb9369d4aab15f46e385624199",
    "packages": [
        {
            "name": "xcl3721/dora-rpc",
            "version": "0.4.7",
            "source": {
                "type": "git",
                "url": "https://github.com/xcl3721/Dora-RPC.git",
                "reference": "ba8f39dfda49d104fcaf6cc82b9a20dba6bd47ff"
            },
            "dist": {
                "type": "zip",
                "url": "https://api.github.com/repos/xcl3721/Dora-RPC/zipball/ba8f39dfda49d104fcaf6cc82b9a20dba6bd47ff",
                "reference": "ba8f39dfda49d104fcaf6cc82b9a20dba6bd47ff",
                "shasum": ""
            },
            "require": {
                "php": ">=5.4.30"
            },
            "type": "library",
            "autoload": {
                "psr-4": {
                    "DoraRPC\\": "src"
                }
            },
            "notification-url": "https://packagist.org/downloads/",
            "license": [
                "Apache"
            ],
            "authors": [
                {
                    "name": "ChangLong.Xu",
                    "email": "xcl_rockman@qq.com"
                }
            ],
            "description": "Dora RPC is an Basic Swoole Fixed Header TCP Proctol tiny RPC",
            "homepage": "https://github.com/xcl3721/dora-rpc",
            "keywords": [
                "dora-rpc",
                "rpc"
            ],
            "time": "2016-06-29 02:28:28"
        }
    ],
    "packages-dev": [
        {
            "name": "fastd/annotation",
            "version": "v1.0.0",
            "source": {
                "type": "git",
                "url": "https://github.com/JanHuang/annotation.git",
                "reference": "cd69a9830f24f1e4c441bab722b4e94ebf9f42e0"
            },
            "dist": {
                "type": "zip",
                "url": "https://api.github.com/repos/JanHuang/annotation/zipball/cd69a9830f24f1e4c441bab722b4e94ebf9f42e0",
                "reference": "cd69a9830f24f1e4c441bab722b4e94ebf9f42e0",
                "shasum": ""
            },
            "require": {
                "php": ">=7.0"
            },
            "require-dev": {
                "phpunit/phpunit": "5.0"
            },
            "type": "library",
            "extra": {
                "branch-alias": {
                    "dev-master": "1.0.x-dev"
                }
            },
            "autoload": {
                "psr-4": {
                    "FastD\\": "src"
                }
            },
            "notification-url": "https://packagist.org/downloads/",
            "license": [
                "MIT"
            ],
            "authors": [
                {
                    "name": "janhuang",
                    "email": "bboyjanhuang@gmail.com"
                }
            ],
            "description": "Fastd php simple framework Annotation Component",
            "time": "2016-06-18 13:45:40"
        },
        {
            "name": "fastd/bundlex",
            "version": "v2.0.0",
            "source": {
                "type": "git",
                "url": "https://github.com/JanHuang/bundlex.git",
                "reference": "affd3a080f2815cd4762c2a4ba40f40b9c992c6b"
            },
            "dist": {
                "type": "zip",
                "url": "https://api.github.com/repos/JanHuang/bundlex/zipball/affd3a080f2815cd4762c2a4ba40f40b9c992c6b",
                "reference": "affd3a080f2815cd4762c2a4ba40f40b9c992c6b",
                "shasum": ""
            },
            "require": {
                "fastd/framework": "~2.0.0",
                "php": ">=7.0"
            },
            "require-dev": {
                "phpunit/phpunit": "5.0"
            },
            "bin": [
                "bundlex"
            ],
            "type": "library",
            "extra": {
                "branch-alias": {
                    "dev-master": "2.0.x-dev"
                }
            },
            "autoload": {
                "psr-4": {
                    "FastD\\": "src"
                },
                "files": [
                    "src/BundleX/Bundle.php"
                ]
            },
            "notification-url": "https://packagist.org/downloads/",
            "license": [
                "MIT"
            ],
            "authors": [
                {
                    "name": "janhuang",
                    "email": "bboyjanhuang@email.com"
                }
            ],
            "description": "The fastd module framework.",
            "keywords": [
                "Bundle X"
            ],
            "time": "2016-06-28 10:28:09"
        },
        {
            "name": "fastd/config",
            "version": "v2.0.0",
            "source": {
                "type": "git",
                "url": "https://github.com/JanHuang/config.git",
                "reference": "ea1bbb751414cbf27629bdbfce710d3d8411701d"
            },
            "dist": {
                "type": "zip",
                "url": "https://api.github.com/repos/JanHuang/config/zipball/ea1bbb751414cbf27629bdbfce710d3d8411701d",
                "reference": "ea1bbb751414cbf27629bdbfce710d3d8411701d",
                "shasum": ""
            },
            "require": {
                "php": ">=7.0",
                "symfony/yaml": "~3.1.0"
            },
            "require-dev": {
                "phpunit/phpunit": "5.0"
            },
            "type": "library",
            "extra": {
                "branch-alias": {
                    "dev-master": "2.0.x-dev"
                }
            },
            "autoload": {
                "psr-4": {
                    "FastD\\": "src"
                }
            },
            "notification-url": "https://packagist.org/downloads/",
            "license": [
                "MIT"
            ],
            "authors": [
                {
                    "name": "janhuang",
                    "email": "bboyjanhuang@gmail.com"
                }
            ],
            "description": "FastD config container",
            "keywords": [
                "FastD",
                "config"
            ],
            "time": "2016-06-17 15:04:52"
        },
        {
            "name": "fastd/console",
            "version": "v2.0.0",
            "source": {
                "type": "git",
                "url": "https://github.com/JanHuang/console.git",
                "reference": "4aa1cedb71bf141d9c71d98f8fddfe4da5533e30"
            },
            "dist": {
                "type": "zip",
                "url": "https://api.github.com/repos/JanHuang/console/zipball/4aa1cedb71bf141d9c71d98f8fddfe4da5533e30",
                "reference": "4aa1cedb71bf141d9c71d98f8fddfe4da5533e30",
                "shasum": ""
            },
            "require": {
                "fastd/debug": "~2.0@beta",
                "php": ">=7.0",
                "symfony/finder": "~3.0"
            },
            "require-dev": {
                "phpunit/phpunit": "5.0"
            },
            "type": "library",
            "extra": {
                "branch-alias": {
                    "dev-master": "2.0.x-dev"
                }
            },
            "autoload": {
                "psr-4": {
                    "FastD\\": "src"
                }
            },
            "notification-url": "https://packagist.org/downloads/",
            "license": [
                "MIT"
            ],
            "authors": [
                {
                    "name": "janhuang",
                    "email": "bboyjanhuang@gmail.com"
                }
            ],
            "description": "FastD console component",
            "keywords": [
                "FastD",
                "console"
            ],
            "time": "2016-06-27 02:49:42"
        },
        {
            "name": "fastd/container",
            "version": "v2.0.0",
            "source": {
                "type": "git",
                "url": "https://github.com/JanHuang/container.git",
                "reference": "e7a0f4f2aafb6eae71d654d420df59b828fecc7f"
            },
            "dist": {
                "type": "zip",
                "url": "https://api.github.com/repos/JanHuang/container/zipball/e7a0f4f2aafb6eae71d654d420df59b828fecc7f",
                "reference": "e7a0f4f2aafb6eae71d654d420df59b828fecc7f",
                "shasum": ""
            },
            "require": {
                "php": ">=7.0"
            },
            "require-dev": {
                "phpunit/phpunit": "5.0"
            },
            "type": "library",
            "extra": {
                "branch-alias": {
                    "dev-master": "2.0.x-dev"
                }
            },
            "autoload": {
                "psr-4": {
                    "FastD\\": "src"
                }
            },
            "notification-url": "https://packagist.org/downloads/",
            "license": [
                "MIT"
            ],
            "authors": [
                {
                    "name": "janhuang",
                    "email": "bboyjanhuang@gmail.com"
                }
            ],
            "description": "FastD container component",
            "keywords": [
                "FastD",
                "container"
            ],
            "time": "2016-05-11 14:35:16"
        },
        {
            "name": "fastd/database",
            "version": "v2.0.0",
            "source": {
                "type": "git",
                "url": "https://github.com/JanHuang/database.git",
                "reference": "df4a7ae158edb5522c47256a1083ec4b9ee679d6"
            },
            "dist": {
                "type": "zip",
                "url": "https://api.github.com/repos/JanHuang/database/zipball/df4a7ae158edb5522c47256a1083ec4b9ee679d6",
                "reference": "df4a7ae158edb5522c47256a1083ec4b9ee679d6",
                "shasum": ""
            },
            "require": {
                "fastd/generator": "~1.1.0",
                "fastd/pagination": "~1.0.0",
                "php": ">=7.0"
            },
            "require-dev": {
                "fastd/http": "~2.0.0@beta",
                "phpunit/dbunit": "~2.0",
                "phpunit/phpunit": "5.0"
            },
            "type": "library",
            "extra": {
                "branch-alias": {
                    "dev-master": "2.0.x-dev"
                }
            },
            "autoload": {
                "psr-4": {
                    "FastD\\": "src"
                }
            },
            "notification-url": "https://packagist.org/downloads/",
            "license": [
                "MIT"
            ],
            "authors": [
                {
                    "name": "janhuang",
                    "email": "bboyjanhuang@gmail.com"
                }
            ],
            "description": "fdb",
            "keywords": [
                "FastD",
                "fdb"
            ],
            "time": "2016-06-28 06:18:12"
        },
        {
            "name": "fastd/debug",
            "version": "v2.0.0",
            "source": {
                "type": "git",
                "url": "https://github.com/JanHuang/debug.git",
                "reference": "5e3aec0b5141b8af03ea067d56ddfa9d0b36ce19"
            },
            "dist": {
                "type": "zip",
                "url": "https://api.github.com/repos/JanHuang/debug/zipball/5e3aec0b5141b8af03ea067d56ddfa9d0b36ce19",
                "reference": "5e3aec0b5141b8af03ea067d56ddfa9d0b36ce19",
                "shasum": ""
            },
            "require": {
                "maximebf/debugbar": "^1.12",
                "monolog/monolog": "*",
                "php": ">=7.0"
            },
            "require-dev": {
                "fastd/config": "~2.0.0@beta",
                "fastd/database": "~2.0.0@beta",
                "phpunit/phpunit": "5.0"
            },
            "type": "library",
            "extra": {
                "branch-alias": {
                    "dev-master": "2.0.x-dev"
                }
            },
            "autoload": {
                "psr-4": {
                    "FastD\\": "src"
                }
            },
            "notification-url": "https://packagist.org/downloads/",
            "license": [
                "MIT"
            ],
            "authors": [
                {
                    "name": "janhuang",
                    "email": "bboyjanhuang@gmail.com"
                }
            ],
            "description": "error handle component.",
            "keywords": [
                "FastD",
                "debug",
                "exception"
            ],
            "time": "2016-06-13 10:31:30"
        },
        {
            "name": "fastd/framework",
            "version": "v2.0.0",
            "source": {
                "type": "git",
                "url": "https://github.com/JanHuang/framework.git",
                "reference": "fe438d7541de6039a29f404c8feb5ec5f06069b4"
            },
            "dist": {
                "type": "zip",
                "url": "https://api.github.com/repos/JanHuang/framework/zipball/fe438d7541de6039a29f404c8feb5ec5f06069b4",
                "reference": "fe438d7541de6039a29f404c8feb5ec5f06069b4",
                "shasum": ""
            },
            "require": {
                "fastd/annotation": "~1.0.0",
                "fastd/config": "~2.0.0",
                "fastd/console": "~2.0.0",
                "fastd/container": "~2.0.0",
                "fastd/database": "~2.0.0",
                "fastd/debug": "~2.0.0",
                "fastd/http": "~2.0.0",
                "fastd/packet": "~1.1.0",
                "fastd/routing": "~2.0.0",
                "fastd/storage": "~2.0.0",
                "php": ">=7.0",
                "symfony/finder": "~3.0.0",
                "twig/twig": "~1.2"
            },
            "require-dev": {
                "phpunit/phpunit": "5.0"
            },
            "bin": [
                "console"
            ],
            "type": "library",
            "extra": {
                "branch-alias": {
                    "dev-master": "2.0.x-dev"
                }
            },
            "autoload": {
                "psr-4": {
                    "FastD\\": "src"
                }
            },
            "notification-url": "https://packagist.org/downloads/",
            "license": [
                "MIT"
            ],
            "authors": [
                {
                    "name": "janhuang",
                    "email": "bboyjanhuang@gmail.com"
                }
            ],
            "description": "The fastd framework library.",
            "keywords": [
                "FastD Framework Kernel"
            ],
            "time": "2016-06-29 01:54:10"
        },
        {
            "name": "fastd/generator",
            "version": "v1.1.0",
            "source": {
                "type": "git",
                "url": "https://github.com/JanHuang/generator.git",
                "reference": "e8d8cd2cc14f9d9384a3729734a4972396503dda"
            },
            "dist": {
                "type": "zip",
                "url": "https://api.github.com/repos/JanHuang/generator/zipball/e8d8cd2cc14f9d9384a3729734a4972396503dda",
                "reference": "e8d8cd2cc14f9d9384a3729734a4972396503dda",
                "shasum": ""
            },
            "require": {
                "php": ">=7.0"
            },
            "require-dev": {
                "phpunit/phpunit": "5.0"
            },
            "type": "library",
            "extra": {
                "branch-alias": {
                    "dev-master": "1.0.x-dev"
                }
            },
            "autoload": {
                "psr-4": {
                    "FastD\\": "src"
                }
            },
            "notification-url": "https://packagist.org/downloads/",
            "license": [
                "MIT"
            ],
            "authors": [
                {
                    "name": "janhuang",
                    "email": "bboyjanhuang@gmail.com"
                }
            ],
            "description": "FastD generator",
            "time": "2016-05-14 15:29:07"
        },
        {
            "name": "fastd/http",
            "version": "v2.0.0",
            "source": {
                "type": "git",
                "url": "https://github.com/JanHuang/http.git",
                "reference": "b6937b60b919b2f00ff3dc67fa224d4ce14e7a4e"
            },
            "dist": {
                "type": "zip",
                "url": "https://api.github.com/repos/JanHuang/http/zipball/b6937b60b919b2f00ff3dc67fa224d4ce14e7a4e",
                "reference": "b6937b60b919b2f00ff3dc67fa224d4ce14e7a4e",
                "shasum": ""
            },
            "require": {
                "php": ">=7.0"
            },
            "require-dev": {
                "fastd/storage": "~2.0@beta",
                "phpunit/phpunit": "~5.0"
            },
            "type": "library",
            "extra": {
                "branch-alias": {
                    "dev-master": "2.0.x-dev"
                }
            },
            "autoload": {
                "psr-4": {
                    "FastD\\": "src"
                }
            },
            "notification-url": "https://packagist.org/downloads/",
            "license": [
                "MIT"
            ],
            "authors": [
                {
                    "name": "janhuang",
                    "email": "bboyjanhuang@gmail.com"
                }
            ],
            "description": "FastD simple http component.",
            "keywords": [
                "FastD",
                "http"
            ],
            "time": "2016-06-27 03:54:47"
        },
        {
            "name": "fastd/packet",
            "version": "v1.1.0",
            "source": {
                "type": "git",
                "url": "https://github.com/JanHuang/packet.git",
                "reference": "9137d0b57841b7fb858ce6be3022d24f882f3b64"
            },
            "dist": {
                "type": "zip",
                "url": "https://api.github.com/repos/JanHuang/packet/zipball/9137d0b57841b7fb858ce6be3022d24f882f3b64",
                "reference": "9137d0b57841b7fb858ce6be3022d24f882f3b64",
                "shasum": ""
            },
            "require": {
                "php": ">=7.0"
            },
            "require-dev": {
                "phpunit/phpunit": "5.0"
            },
            "type": "library",
            "extra": {
                "branch-alias": {
                    "dev-master": "1.0.x-dev"
                }
            },
            "autoload": {
                "psr-4": {
                    "FastD\\": "src"
                }
            },
            "notification-url": "https://packagist.org/downloads/",
            "authors": [
                {
                    "name": "janhuang",
                    "email": "bboyjanhuang@gmail.com"
                }
            ],
            "time": "2016-05-27 16:02:48"
        },
        {
            "name": "fastd/pagination",
            "version": "v1.0.0",
            "source": {
                "type": "git",
                "url": "https://github.com/JanHuang/pagination.git",
                "reference": "8effab4b45ddd49d4e89e2803e0f2d231f4627d9"
            },
            "dist": {
                "type": "zip",
                "url": "https://api.github.com/repos/JanHuang/pagination/zipball/8effab4b45ddd49d4e89e2803e0f2d231f4627d9",
                "reference": "8effab4b45ddd49d4e89e2803e0f2d231f4627d9",
                "shasum": ""
            },
            "require": {
                "php": ">=7.0"
            },
            "require-dev": {
                "phpunit/phpunit": "5.0"
            },
            "type": "library",
            "autoload": {
                "psr-4": {
                    "FastD\\": "src"
                }
            },
            "notification-url": "https://packagist.org/downloads/",
            "license": [
                "MIT"
            ],
            "authors": [
                {
                    "name": "janhuang",
                    "email": "bboyjanhuang@gmail.com"
                }
            ],
            "description": "pagination",
            "keywords": [
                "FastD",
                "pagination"
            ],
            "time": "2016-06-16 03:58:35"
        },
        {
            "name": "fastd/routing",
            "version": "v2.0.0",
            "source": {
                "type": "git",
                "url": "https://github.com/JanHuang/routing.git",
                "reference": "176fbe2bdbc872f34e6899065219a546ef0269d4"
            },
            "dist": {
                "type": "zip",
                "url": "https://api.github.com/repos/JanHuang/routing/zipball/176fbe2bdbc872f34e6899065219a546ef0269d4",
                "reference": "176fbe2bdbc872f34e6899065219a546ef0269d4",
                "shasum": ""
            },
            "require": {
                "php": ">=7.0"
            },
            "require-dev": {
                "phpunit/phpunit": "~5.0"
            },
            "type": "library",
            "extra": {
                "branch-alias": {
                    "dev-master": "2.0.x-dev"
                }
            },
            "autoload": {
                "psr-4": {
                    "FastD\\": "src"
                },
                "files": [
                    "src/Routing/Routes.php"
                ]
            },
            "notification-url": "https://packagist.org/downloads/",
            "license": [
                "MIT"
            ],
            "authors": [
                {
                    "name": "janhuang",
                    "email": "bboyjanhuang@gmail.com"
                }
            ],
            "description": "FastD routing component",
            "keywords": [
                "routing"
            ],
            "time": "2016-06-19 09:35:27"
        },
        {
            "name": "fastd/storage",
            "version": "v2.0.0",
            "source": {
                "type": "git",
                "url": "https://github.com/JanHuang/storage.git",
                "reference": "fb73f52449c199b7d6cda86247e551c6aacbeb7b"
            },
            "dist": {
                "type": "zip",
                "url": "https://api.github.com/repos/JanHuang/storage/zipball/fb73f52449c199b7d6cda86247e551c6aacbeb7b",
                "reference": "fb73f52449c199b7d6cda86247e551c6aacbeb7b",
                "shasum": ""
            },
            "require": {
                "php": ">=7.0"
            },
            "require-dev": {
                "phpunit/phpunit": "5.0"
            },
            "type": "library",
            "extra": {
                "branch-alias": {
                    "dev-master": "2.0.x-dev"
                }
            },
            "autoload": {
                "psr-4": {
                    "FastD\\": "src"
                }
            },
            "notification-url": "https://packagist.org/downloads/",
            "license": [
                "MIT"
            ],
            "authors": [
                {
                    "name": "janhuang",
                    "email": "bboyjanhuang@gmail.com"
                }
            ],
            "description": "FastD php simple framework Storage Component",
            "keywords": [
                "FastD",
                "storage"
            ],
            "time": "2016-06-21 03:37:55"
        },
        {
            "name": "maximebf/debugbar",
            "version": "v1.12.0",
            "source": {
                "type": "git",
                "url": "https://github.com/maximebf/php-debugbar.git",
                "reference": "e634fbd32cd6bc3fa0e8c972b52d4bf49bab3988"
            },
            "dist": {
                "type": "zip",
                "url": "https://api.github.com/repos/maximebf/php-debugbar/zipball/e634fbd32cd6bc3fa0e8c972b52d4bf49bab3988",
                "reference": "e634fbd32cd6bc3fa0e8c972b52d4bf49bab3988",
                "shasum": ""
            },
            "require": {
                "php": ">=5.3.0",
                "psr/log": "^1.0",
                "symfony/var-dumper": "^2.6|^3.0"
            },
            "require-dev": {
                "phpunit/phpunit": "^4.0|^5.0"
            },
            "suggest": {
                "kriswallsmith/assetic": "The best way to manage assets",
                "monolog/monolog": "Log using Monolog",
                "predis/predis": "Redis storage"
            },
            "type": "library",
            "extra": {
                "branch-alias": {
                    "dev-master": "1.12-dev"
                }
            },
            "autoload": {
                "psr-4": {
                    "DebugBar\\": "src/DebugBar/"
                }
            },
            "notification-url": "https://packagist.org/downloads/",
            "license": [
                "MIT"
            ],
            "authors": [
                {
                    "name": "Maxime Bouroumeau-Fuseau",
                    "email": "maxime.bouroumeau@gmail.com",
                    "homepage": "http://maximebf.com"
                },
                {
                    "name": "Barry vd. Heuvel",
                    "email": "barryvdh@gmail.com"
                }
            ],
            "description": "Debug bar in the browser for php application",
            "homepage": "https://github.com/maximebf/php-debugbar",
            "keywords": [
                "debug",
                "debugbar"
            ],
            "time": "2016-05-15 13:11:34"
        },
        {
            "name": "monolog/monolog",
            "version": "1.19.0",
            "source": {
                "type": "git",
                "url": "https://github.com/Seldaek/monolog.git",
                "reference": "5f56ed5212dc509c8dc8caeba2715732abb32dbf"
            },
            "dist": {
                "type": "zip",
                "url": "https://api.github.com/repos/Seldaek/monolog/zipball/5f56ed5212dc509c8dc8caeba2715732abb32dbf",
                "reference": "5f56ed5212dc509c8dc8caeba2715732abb32dbf",
                "shasum": ""
            },
            "require": {
                "php": ">=5.3.0",
                "psr/log": "~1.0"
            },
            "provide": {
                "psr/log-implementation": "1.0.0"
            },
            "require-dev": {
                "aws/aws-sdk-php": "^2.4.9",
                "doctrine/couchdb": "~1.0@dev",
                "graylog2/gelf-php": "~1.0",
                "jakub-onderka/php-parallel-lint": "0.9",
                "php-amqplib/php-amqplib": "~2.4",
                "php-console/php-console": "^3.1.3",
                "phpunit/phpunit": "~4.5",
                "phpunit/phpunit-mock-objects": "2.3.0",
                "raven/raven": "^0.13",
                "ruflin/elastica": ">=0.90 <3.0",
                "swiftmailer/swiftmailer": "~5.3"
            },
            "suggest": {
                "aws/aws-sdk-php": "Allow sending log messages to AWS services like DynamoDB",
                "doctrine/couchdb": "Allow sending log messages to a CouchDB server",
                "ext-amqp": "Allow sending log messages to an AMQP server (1.0+ required)",
                "ext-mongo": "Allow sending log messages to a MongoDB server",
                "graylog2/gelf-php": "Allow sending log messages to a GrayLog2 server",
                "mongodb/mongodb": "Allow sending log messages to a MongoDB server via PHP Driver",
                "php-amqplib/php-amqplib": "Allow sending log messages to an AMQP server using php-amqplib",
                "php-console/php-console": "Allow sending log messages to Google Chrome",
                "raven/raven": "Allow sending log messages to a Sentry server",
                "rollbar/rollbar": "Allow sending log messages to Rollbar",
                "ruflin/elastica": "Allow sending log messages to an Elastic Search server"
            },
            "type": "library",
            "extra": {
                "branch-alias": {
                    "dev-master": "2.0.x-dev"
                }
            },
            "autoload": {
                "psr-4": {
                    "Monolog\\": "src/Monolog"
                }
            },
            "notification-url": "https://packagist.org/downloads/",
            "license": [
                "MIT"
            ],
            "authors": [
                {
                    "name": "Jordi Boggiano",
                    "email": "j.boggiano@seld.be",
                    "homepage": "http://seld.be"
                }
            ],
            "description": "Sends your logs to files, sockets, inboxes, databases and various web services",
            "homepage": "http://github.com/Seldaek/monolog",
            "keywords": [
                "log",
                "logging",
                "psr-3"
            ],
            "time": "2016-04-12 18:29:35"
        },
        {
            "name": "psr/log",
            "version": "1.0.0",
            "source": {
                "type": "git",
                "url": "https://github.com/php-fig/log.git",
                "reference": "fe0936ee26643249e916849d48e3a51d5f5e278b"
            },
            "dist": {
                "type": "zip",
                "url": "https://api.github.com/repos/php-fig/log/zipball/fe0936ee26643249e916849d48e3a51d5f5e278b",
                "reference": "fe0936ee26643249e916849d48e3a51d5f5e278b",
                "shasum": ""
            },
            "type": "library",
            "autoload": {
                "psr-0": {
                    "Psr\\Log\\": ""
                }
            },
            "notification-url": "https://packagist.org/downloads/",
            "license": [
                "MIT"
            ],
            "authors": [
                {
                    "name": "PHP-FIG",
                    "homepage": "http://www.php-fig.org/"
                }
            ],
            "description": "Common interface for logging libraries",
            "keywords": [
                "log",
                "psr",
                "psr-3"
            ],
            "time": "2012-12-21 11:40:51"
        },
        {
            "name": "symfony/finder",
            "version": "v3.0.7",
            "source": {
                "type": "git",
                "url": "https://github.com/symfony/finder.git",
                "reference": "39e5f3d533d07b5416b9d7aad53a27f939d4f811"
            },
            "dist": {
                "type": "zip",
                "url": "https://api.github.com/repos/symfony/finder/zipball/39e5f3d533d07b5416b9d7aad53a27f939d4f811",
                "reference": "39e5f3d533d07b5416b9d7aad53a27f939d4f811",
                "shasum": ""
            },
            "require": {
                "php": ">=5.5.9"
            },
            "type": "library",
            "extra": {
                "branch-alias": {
                    "dev-master": "3.0-dev"
                }
            },
            "autoload": {
                "psr-4": {
                    "Symfony\\Component\\Finder\\": ""
                },
                "exclude-from-classmap": [
                    "/Tests/"
                ]
            },
            "notification-url": "https://packagist.org/downloads/",
            "license": [
                "MIT"
            ],
            "authors": [
                {
                    "name": "Fabien Potencier",
                    "email": "fabien@symfony.com"
                },
                {
                    "name": "Symfony Community",
                    "homepage": "https://symfony.com/contributors"
                }
            ],
            "description": "Symfony Finder Component",
            "homepage": "https://symfony.com",
            "time": "2016-05-13 18:03:36"
        },
        {
            "name": "symfony/polyfill-mbstring",
            "version": "v1.2.0",
            "source": {
                "type": "git",
                "url": "https://github.com/symfony/polyfill-mbstring.git",
                "reference": "dff51f72b0706335131b00a7f49606168c582594"
            },
            "dist": {
                "type": "zip",
                "url": "https://api.github.com/repos/symfony/polyfill-mbstring/zipball/dff51f72b0706335131b00a7f49606168c582594",
                "reference": "dff51f72b0706335131b00a7f49606168c582594",
                "shasum": ""
            },
            "require": {
                "php": ">=5.3.3"
            },
            "suggest": {
                "ext-mbstring": "For best performance"
            },
            "type": "library",
            "extra": {
                "branch-alias": {
                    "dev-master": "1.2-dev"
                }
            },
            "autoload": {
                "psr-4": {
                    "Symfony\\Polyfill\\Mbstring\\": ""
                },
                "files": [
                    "bootstrap.php"
                ]
            },
            "notification-url": "https://packagist.org/downloads/",
            "license": [
                "MIT"
            ],
            "authors": [
                {
                    "name": "Nicolas Grekas",
                    "email": "p@tchwork.com"
                },
                {
                    "name": "Symfony Community",
                    "homepage": "https://symfony.com/contributors"
                }
            ],
            "description": "Symfony polyfill for the Mbstring extension",
            "homepage": "https://symfony.com",
            "keywords": [
                "compatibility",
                "mbstring",
                "polyfill",
                "portable",
                "shim"
            ],
            "time": "2016-05-18 14:26:46"
        },
        {
            "name": "symfony/var-dumper",
            "version": "v3.1.1",
            "source": {
                "type": "git",
                "url": "https://github.com/symfony/var-dumper.git",
                "reference": "436195b421e8c0493ca3e390c1fbecd8ee08c546"
            },
            "dist": {
                "type": "zip",
                "url": "https://api.github.com/repos/symfony/var-dumper/zipball/436195b421e8c0493ca3e390c1fbecd8ee08c546",
                "reference": "436195b421e8c0493ca3e390c1fbecd8ee08c546",
                "shasum": ""
            },
            "require": {
                "php": ">=5.5.9",
                "symfony/polyfill-mbstring": "~1.0"
            },
            "require-dev": {
                "twig/twig": "~1.20|~2.0"
            },
            "suggest": {
                "ext-symfony_debug": ""
            },
            "type": "library",
            "extra": {
                "branch-alias": {
                    "dev-master": "3.1-dev"
                }
            },
            "autoload": {
                "files": [
                    "Resources/functions/dump.php"
                ],
                "psr-4": {
                    "Symfony\\Component\\VarDumper\\": ""
                },
                "exclude-from-classmap": [
                    "/Tests/"
                ]
            },
            "notification-url": "https://packagist.org/downloads/",
            "license": [
                "MIT"
            ],
            "authors": [
                {
                    "name": "Nicolas Grekas",
                    "email": "p@tchwork.com"
                },
                {
                    "name": "Symfony Community",
                    "homepage": "https://symfony.com/contributors"
                }
            ],
            "description": "Symfony mechanism for exploring and dumping PHP variables",
            "homepage": "https://symfony.com",
            "keywords": [
                "debug",
                "dump"
            ],
            "time": "2016-05-24 10:06:56"
        },
        {
            "name": "symfony/yaml",
            "version": "v3.1.1",
            "source": {
                "type": "git",
                "url": "https://github.com/symfony/yaml.git",
                "reference": "c5a7e7fc273c758b92b85dcb9c46149ccda89623"
            },
            "dist": {
                "type": "zip",
                "url": "https://api.github.com/repos/symfony/yaml/zipball/c5a7e7fc273c758b92b85dcb9c46149ccda89623",
                "reference": "c5a7e7fc273c758b92b85dcb9c46149ccda89623",
                "shasum": ""
            },
            "require": {
                "php": ">=5.5.9"
            },
            "type": "library",
            "extra": {
                "branch-alias": {
                    "dev-master": "3.1-dev"
                }
            },
            "autoload": {
                "psr-4": {
                    "Symfony\\Component\\Yaml\\": ""
                },
                "exclude-from-classmap": [
                    "/Tests/"
                ]
            },
            "notification-url": "https://packagist.org/downloads/",
            "license": [
                "MIT"
            ],
            "authors": [
                {
                    "name": "Fabien Potencier",
                    "email": "fabien@symfony.com"
                },
                {
                    "name": "Symfony Community",
                    "homepage": "https://symfony.com/contributors"
                }
            ],
            "description": "Symfony Yaml Component",
            "homepage": "https://symfony.com",
            "time": "2016-06-14 11:18:07"
        },
        {
            "name": "twig/twig",
            "version": "v1.24.1",
            "source": {
                "type": "git",
                "url": "https://github.com/twigphp/Twig.git",
                "reference": "3566d311a92aae4deec6e48682dc5a4528c4a512"
            },
            "dist": {
                "type": "zip",
                "url": "https://api.github.com/repos/twigphp/Twig/zipball/3566d311a92aae4deec6e48682dc5a4528c4a512",
                "reference": "3566d311a92aae4deec6e48682dc5a4528c4a512",
                "shasum": ""
            },
            "require": {
                "php": ">=5.2.7"
            },
            "require-dev": {
                "symfony/debug": "~2.7",
                "symfony/phpunit-bridge": "~2.7"
            },
            "type": "library",
            "extra": {
                "branch-alias": {
                    "dev-master": "1.24-dev"
                }
            },
            "autoload": {
                "psr-0": {
                    "Twig_": "lib/"
                }
            },
            "notification-url": "https://packagist.org/downloads/",
            "license": [
                "BSD-3-Clause"
            ],
            "authors": [
                {
                    "name": "Fabien Potencier",
                    "email": "fabien@symfony.com",
                    "homepage": "http://fabien.potencier.org",
                    "role": "Lead Developer"
                },
                {
                    "name": "Armin Ronacher",
                    "email": "armin.ronacher@active-4.com",
                    "role": "Project Founder"
                },
                {
                    "name": "Twig Team",
                    "homepage": "http://twig.sensiolabs.org/contributors",
                    "role": "Contributors"
                }
            ],
            "description": "Twig, the flexible, fast, and secure template language for PHP",
            "homepage": "http://twig.sensiolabs.org",
            "keywords": [
                "templating"
            ],
            "time": "2016-05-30 09:11:59"
        }
    ],
    "aliases": [],
    "minimum-stability": "stable",
    "stability-flags": [],
    "prefer-stable": false,
    "prefer-lowest": false,
    "platform": {
        "php": ">=7.0"
    },
    "platform-dev": []
}
